
Microsoft Visual Studio Solution File, Format Version 12.00
# Visual Studio 15
Project("{FAE04EC0-301F-11D3-BF4B-00C04F79EFBC}") = "Assembly-CSharp-Editor", "Assembly-CSharp-Editor.csproj", "{B1305323-656E-8D9D-99C9-0D737438946D}"
EndProject
Project("{FAE04EC0-301F-11D3-BF4B-00C04F79EFBC}") = "Assembly-CSharp", "Assembly-CSharp.csproj", "{B7FBD808-3779-0072-F5D1-95CCF644BD6A}"
EndProject
Global
	GlobalSection(SolutionConfigurationPlatforms) = preSolution
		Debug|Any CPU = Debug|Any CPU
		Release|Any CPU = Release|Any CPU
	EndGlobalSection
	GlobalSection(ProjectConfigurationPlatforms) = postSolution
		{B1305323-656E-8D9D-99C9-0D737438946D}.Debug|Any CPU.ActiveCfg = Debug|Any CPU
		{B1305323-656E-8D9D-99C9-0D737438946D}.Debug|Any CPU.Build.0 = Debug|Any CPU
		{B1305323-656E-8D9D-99C9-0D737438946D}.Release|Any CPU.ActiveCfg = Release|Any CPU
		{B1305323-656E-8D9D-99C9-0D737438946D}.Release|Any CPU.Build.0 = Release|Any CPU
		{B7FBD808-3779-0072-F5D1-95CCF644BD6A}.Debug|Any CPU.ActiveCfg = Debug|Any CPU
		{B7FBD808-3779-0072-F5D1-95CCF644BD6A}.Debug|Any CPU.Build.0 = Debug|Any CPU
		{B7FBD808-3779-0072-F5D1-95CCF644BD6A}.Release|Any CPU.ActiveCfg = Release|Any CPU
		{B7FBD808-3779-0072-F5D1-95CCF644BD6A}.Release|Any CPU.Build.0 = Release|Any CPU
	EndGlobalSection
	GlobalSection(SolutionProperties) = preSolution
		HideSolutionNode = FALSE
	EndGlobalSection
EndGlobal
